
Microsoft Visual Studio Solution File, Format Version 12.00
# Visual Studio Version 17
VisualStudioVersion = 17.2.32616.157
MinimumVisualStudioVersion = 10.0.40219.1
Project("{FAE04EC0-301F-11D3-BF4B-00C04F79EFBC}") = "CrudSystem", "CrudSystem.csproj", "{CF260A09-50A6-45B6-BD2F-EA637EB4AF2D}"
EndProject
Global
	GlobalSection(SolutionConfigurationPlatforms) = preSolution
		Debug|Any CPU = Debug|Any CPU
		Release|Any CPU = Release|Any CPU
	EndGlobalSection
	GlobalSection(ProjectConfigurationPlatforms) = postSolution
		{CF260A09-50A6-45B6-BD2F-EA637EB4AF2D}.Debug|Any CPU.ActiveCfg = Debug|Any CPU
		{CF260A09-50A6-45B6-BD2F-EA637EB4AF2D}.Debug|Any CPU.Build.0 = Debug|Any CPU
		{CF260A09-50A6-45B6-BD2F-EA637EB4AF2D}.Release|Any CPU.ActiveCfg = Release|Any CPU
		{CF260A09-50A6-45B6-BD2F-EA637EB4AF2D}.Release|Any CPU.Build.0 = Release|Any CPU
	EndGlobalSection
	GlobalSection(SolutionProperties) = preSolution
		HideSolutionNode = FALSE
	EndGlobalSection
	GlobalSection(ExtensibilityGlobals) = postSolution
		SolutionGuid = {58DBE215-546C-4494-AB06-D45071DA6B7C}
	EndGlobalSection
EndGlobal
